
Microsoft Visual Studio Solution File, Format Version 12.00
# Visual Studio Version 17
VisualStudioVersion = 17.13.35931.197 d17.13
MinimumVisualStudioVersion = 10.0.40219.1
Project("{FAE04EC0-301F-11D3-BF4B-00C04F79EFBC}") = "1", "1\1.csproj", "{D37DCBFA-C024-49A9-8BE7-3CCF2236A31A}"
EndProject
Global
	GlobalSection(SolutionConfigurationPlatforms) = preSolution
		Debug|Any CPU = Debug|Any CPU
		Release|Any CPU = Release|Any CPU
	EndGlobalSection
	GlobalSection(ProjectConfigurationPlatforms) = postSolution
		{D37DCBFA-C024-49A9-8BE7-3CCF2236A31A}.Debug|Any CPU.ActiveCfg = Debug|Any CPU
		{D37DCBFA-C024-49A9-8BE7-3CCF2236A31A}.Debug|Any CPU.Build.0 = Debug|Any CPU
		{D37DCBFA-C024-49A9-8BE7-3CCF2236A31A}.Release|Any CPU.ActiveCfg = Release|Any CPU
		{D37DCBFA-C024-49A9-8BE7-3CCF2236A31A}.Release|Any CPU.Build.0 = Release|Any CPU
	EndGlobalSection
	GlobalSection(SolutionProperties) = preSolution
		HideSolutionNode = FALSE
	EndGlobalSection
	GlobalSection(ExtensibilityGlobals) = postSolution
		SolutionGuid = {C3081954-A1BD-42BD-B58C-47D436C7B5B4}
	EndGlobalSection
EndGlobal
